
Microsoft Visual Studio Solution File, Format Version 12.00
# Visual Studio Version 17
VisualStudioVersion = 17.4.33205.214
MinimumVisualStudioVersion = 10.0.40219.1
Project("{8BC9CEB8-8B4A-11D0-8D11-00A0C91BC942}") = "1-1", "1-1\1-1.vcxproj", "{0963D5F9-BE92-4019-88D5-6B55F080DFB9}"
EndProject
Project("{8BC9CEB8-8B4A-11D0-8D11-00A0C91BC942}") = "1-2", "1-2\1-2.vcxproj", "{EAFC704B-DE75-4248-9C3B-57D1042E12EF}"
EndProject
Project("{8BC9CEB8-8B4A-11D0-8D11-00A0C91BC942}") = "1-3", "1-3\1-3.vcxproj", "{A2A30775-9FF7-47F5-BBF9-A62677E3AF20}"
EndProject
Project("{8BC9CEB8-8B4A-11D0-8D11-00A0C91BC942}") = "1-4", "1-4\1-4.vcxproj", "{A463590F-42CC-4833-9345-20416A4C91C7}"
EndProject
Project("{8BC9CEB8-8B4A-11D0-8D11-00A0C91BC942}") = "1-5", "1-5\1-5.vcxproj", "{2BBF93E3-D634-4BDE-B9A3-0E13A22C6B12}"
EndProject
Project("{8BC9CEB8-8B4A-11D0-8D11-00A0C91BC942}") = "1-7", "1-7\1-7.vcxproj", "{C6F61283-9DD5-48F3-9FE4-0C596920A963}"
EndProject
Project("{8BC9CEB8-8B4A-11D0-8D11-00A0C91BC942}") = "1-9", "1-9\1-9.vcxproj", "{9EDBEDD4-4FBB-42A8-9433-8BBF8593BFB4}"
EndProject
Project("{8BC9CEB8-8B4A-11D0-8D11-00A0C91BC942}") = "1-10", "1-10\1-10.vcxproj", "{990D6970-BB9A-4B3D-B003-7F98E1485F21}"
EndProject
Project("{8BC9CEB8-8B4A-11D0-8D11-00A0C91BC942}") = "1-11", "1-11\1-11.vcxproj", "{846A1459-D01C-4AE3-A9CC-DD813B1A8B13}"
EndProject
Project("{8BC9CEB8-8B4A-11D0-8D11-00A0C91BC942}") = "1-12", "1-12\1-12.vcxproj", "{63D96274-92C4-4372-B790-034BF316B857}"
EndProject
Project("{8BC9CEB8-8B4A-11D0-8D11-00A0C91BC942}") = "1-13", "1-13\1-13.vcxproj", "{A0300F50-C4CD-4810-98A3-3F422751F645}"
EndProject
Project("{8BC9CEB8-8B4A-11D0-8D11-00A0C91BC942}") = "1-15", "1-15\1-15.vcxproj", "{51211263-C090-470E-9561-429EE7C828A6}"
EndProject
Project("{8BC9CEB8-8B4A-11D0-8D11-00A0C91BC942}") = "1-18", "1-18\1-18.vcxproj", "{2F3DA576-8A5C-4EFF-B9EB-22AA6C3562DD}"
EndProject
Project("{8BC9CEB8-8B4A-11D0-8D11-00A0C91BC942}") = "1-19", "1-19\1-19.vcxproj", "{84E90C20-27D9-4B54-9C3F-CE324D95BDA5}"
EndProject
Project("{8BC9CEB8-8B4A-11D0-8D11-00A0C91BC942}") = "1-20", "1-20\1-20.vcxproj", "{9701CFE5-BC73-4815-8EFD-04D41EE87974}"
EndProject
Project("{8BC9CEB8-8B4A-11D0-8D11-00A0C91BC942}") = "1-21", "1-21\1-21.vcxproj", "{1A1A9EF4-EC36-46CF-A7F1-CE79DF6A61A7}"
EndProject
Project("{8BC9CEB8-8B4A-11D0-8D11-00A0C91BC942}") = "1-23", "1-23\1-23.vcxproj", "{F08F4C13-DEE6-4CEA-9284-B8DBE2D8F513}"
EndProject
Project("{8BC9CEB8-8B4A-11D0-8D11-00A0C91BC942}") = "1-24", "1-24\1-24.vcxproj", "{F998F328-F8E0-433F-8131-82E2B419368A}"
EndProject
Project("{8BC9CEB8-8B4A-11D0-8D11-00A0C91BC942}") = "1-26", "1-26\1-26.vcxproj", "{B318EB5E-DD4F-4F50-BB8B-6696358F02C7}"
EndProject
Global
	GlobalSection(SolutionConfigurationPlatforms) = preSolution
		Debug|x64 = Debug|x64
		Debug|x86 = Debug|x86
		Release|x64 = Release|x64
		Release|x86 = Release|x86
	EndGlobalSection
	GlobalSection(ProjectConfigurationPlatforms) = postSolution
		{0963D5F9-BE92-4019-88D5-6B55F080DFB9}.Debug|x64.ActiveCfg = Debug|x64
		{0963D5F9-BE92-4019-88D5-6B55F080DFB9}.Debug|x64.Build.0 = Debug|x64
		{0963D5F9-BE92-4019-88D5-6B55F080DFB9}.Debug|x86.ActiveCfg = Debug|Win32
		{0963D5F9-BE92-4019-88D5-6B55F080DFB9}.Debug|x86.Build.0 = Debug|Win32
		{0963D5F9-BE92-4019-88D5-6B55F080DFB9}.Release|x64.ActiveCfg = Release|x64
		{0963D5F9-BE92-4019-88D5-6B55F080DFB9}.Release|x64.Build.0 = Release|x64
		{0963D5F9-BE92-4019-88D5-6B55F080DFB9}.Release|x86.ActiveCfg = Release|Win32
		{0963D5F9-BE92-4019-88D5-6B55F080DFB9}.Release|x86.Build.0 = Release|Win32
		{EAFC704B-DE75-4248-9C3B-57D1042E12EF}.Debug|x64.ActiveCfg = Debug|x64
		{EAFC704B-DE75-4248-9C3B-57D1042E12EF}.Debug|x64.Build.0 = Debug|x64
		{EAFC704B-DE75-4248-9C3B-57D1042E12EF}.Debug|x86.ActiveCfg = Debug|Win32
		{EAFC704B-DE75-4248-9C3B-57D1042E12EF}.Debug|x86.Build.0 = Debug|Win32
		{EAFC704B-DE75-4248-9C3B-57D1042E12EF}.Release|x64.ActiveCfg = Release|x64
		{EAFC704B-DE75-4248-9C3B-57D1042E12EF}.Release|x64.Build.0 = Release|x64
		{EAFC704B-DE75-4248-9C3B-57D1042E12EF}.Release|x86.ActiveCfg = Release|Win32
		{EAFC704B-DE75-4248-9C3B-57D1042E12EF}.Release|x86.Build.0 = Release|Win32
		{A2A30775-9FF7-47F5-BBF9-A62677E3AF20}.Debug|x64.ActiveCfg = Debug|x64
		{A2A30775-9FF7-47F5-BBF9-A62677E3AF20}.Debug|x64.Build.0 = Debug|x64
		{A2A30775-9FF7-47F5-BBF9-A62677E3AF20}.Debug|x86.ActiveCfg = Debug|Win32
		{A2A30775-9FF7-47F5-BBF9-A62677E3AF20}.Debug|x86.Build.0 = Debug|Win32
		{A2A30775-9FF7-47F5-BBF9-A62677E3AF20}.Release|x64.ActiveCfg = Release|x64
		{A2A30775-9FF7-47F5-BBF9-A62677E3AF20}.Release|x64.Build.0 = Release|x64
		{A2A30775-9FF7-47F5-BBF9-A62677E3AF20}.Release|x86.ActiveCfg = Release|Win32
		{A2A30775-9FF7-47F5-BBF9-A62677E3AF20}.Release|x86.Build.0 = Release|Win32
		{A463590F-42CC-4833-9345-20416A4C91C7}.Debug|x64.ActiveCfg = Debug|x64
		{A463590F-42CC-4833-9345-20416A4C91C7}.Debug|x64.Build.0 = Debug|x64
		{A463590F-42CC-4833-9345-20416A4C91C7}.Debug|x86.ActiveCfg = Debug|Win32
		{A463590F-42CC-4833-9345-20416A4C91C7}.Debug|x86.Build.0 = Debug|Win32
		{A463590F-42CC-4833-9345-20416A4C91C7}.Release|x64.ActiveCfg = Release|x64
		{A463590F-42CC-4833-9345-20416A4C91C7}.Release|x64.Build.0 = Release|x64
		{A463590F-42CC-4833-9345-20416A4C91C7}.Release|x86.ActiveCfg = Release|Win32
		{A463590F-42CC-4833-9345-20416A4C91C7}.Release|x86.Build.0 = Release|Win32
		{2BBF93E3-D634-4BDE-B9A3-0E13A22C6B12}.Debug|x64.ActiveCfg = Debug|x64
		{2BBF93E3-D634-4BDE-B9A3-0E13A22C6B12}.Debug|x64.Build.0 = Debug|x64
		{2BBF93E3-D634-4BDE-B9A3-0E13A22C6B12}.Debug|x86.ActiveCfg = Debug|Win32
		{2BBF93E3-D634-4BDE-B9A3-0E13A22C6B12}.Debug|x86.Build.0 = Debug|Win32
		{2BBF93E3-D634-4BDE-B9A3-0E13A22C6B12}.Release|x64.ActiveCfg = Release|x64
		{2BBF93E3-D634-4BDE-B9A3-0E13A22C6B12}.Release|x64.Build.0 = Release|x64
		{2BBF93E3-D634-4BDE-B9A3-0E13A22C6B12}.Release|x86.ActiveCfg = Release|Win32
		{2BBF93E3-D634-4BDE-B9A3-0E13A22C6B12}.Release|x86.Build.0 = Release|Win32
		{C6F61283-9DD5-48F3-9FE4-0C596920A963}.Debug|x64.ActiveCfg = Debug|x64
		{C6F61283-9DD5-48F3-9FE4-0C596920A963}.Debug|x64.Build.0 = Debug|x64
		{C6F61283-9DD5-48F3-9FE4-0C596920A963}.Debug|x86.ActiveCfg = Debug|Win32
		{C6F61283-9DD5-48F3-9FE4-0C596920A963}.Debug|x86.Build.0 = Debug|Win32
		{C6F61283-9DD5-48F3-9FE4-0C596920A963}.Release|x64.ActiveCfg = Release|x64
		{C6F61283-9DD5-48F3-9FE4-0C596920A963}.Release|x64.Build.0 = Release|x64
		{C6F61283-9DD5-48F3-9FE4-0C596920A963}.Release|x86.ActiveCfg = Release|Win32
		{C6F61283-9DD5-48F3-9FE4-0C596920A963}.Release|x86.Build.0 = Release|Win32
		{9EDBEDD4-4FBB-42A8-9433-8BBF8593BFB4}.Debug|x64.ActiveCfg = Debug|x64
		{9EDBEDD4-4FBB-42A8-9433-8BBF8593BFB4}.Debug|x64.Build.0 = Debug|x64
		{9EDBEDD4-4FBB-42A8-9433-8BBF8593BFB4}.Debug|x86.ActiveCfg = Debug|Win32
		{9EDBEDD4-4FBB-42A8-9433-8BBF8593BFB4}.Debug|x86.Build.0 = Debug|Win32
		{9EDBEDD4-4FBB-42A8-9433-8BBF8593BFB4}.Release|x64.ActiveCfg = Release|x64
		{9EDBEDD4-4FBB-42A8-9433-8BBF8593BFB4}.Release|x64.Build.0 = Release|x64
		{9EDBEDD4-4FBB-42A8-9433-8BBF8593BFB4}.Release|x86.ActiveCfg = Release|Win32
		{9EDBEDD4-4FBB-42A8-9433-8BBF8593BFB4}.Release|x86.Build.0 = Release|Win32
		{990D6970-BB9A-4B3D-B003-7F98E1485F21}.Debug|x64.ActiveCfg = Debug|x64
		{990D6970-BB9A-4B3D-B003-7F98E1485F21}.Debug|x64.Build.0 = Debug|x64
		{990D6970-BB9A-4B3D-B003-7F98E1485F21}.Debug|x86.ActiveCfg = Debug|Win32
		{990D6970-BB9A-4B3D-B003-7F98E1485F21}.Debug|x86.Build.0 = Debug|Win32
		{990D6970-BB9A-4B3D-B003-7F98E1485F21}.Release|x64.ActiveCfg = Release|x64
		{990D6970-BB9A-4B3D-B003-7F98E1485F21}.Release|x64.Build.0 = Release|x64
		{990D6970-BB9A-4B3D-B003-7F98E1485F21}.Release|x86.ActiveCfg = Release|Win32
		{990D6970-BB9A-4B3D-B003-7F98E1485F21}.Release|x86.Build.0 = Release|Win32
		{846A1459-D01C-4AE3-A9CC-DD813B1A8B13}.Debug|x64.ActiveCfg = Debug|x64
		{846A1459-D01C-4AE3-A9CC-DD813B1A8B13}.Debug|x64.Build.0 = Debug|x64
		{846A1459-D01C-4AE3-A9CC-DD813B1A8B13}.Debug|x86.ActiveCfg = Debug|Win32
		{846A1459-D01C-4AE3-A9CC-DD813B1A8B13}.Debug|x86.Build.0 = Debug|Win32
		{846A1459-D01C-4AE3-A9CC-DD813B1A8B13}.Release|x64.ActiveCfg = Release|x64
		{846A1459-D01C-4AE3-A9CC-DD813B1A8B13}.Release|x64.Build.0 = Release|x64
		{846A1459-D01C-4AE3-A9CC-DD813B1A8B13}.Release|x86.ActiveCfg = Release|Win32
		{846A1459-D01C-4AE3-A9CC-DD813B1A8B13}.Release|x86.Build.0 = Release|Win32
		{63D96274-92C4-4372-B790-034BF316B857}.Debug|x64.ActiveCfg = Debug|x64
		{63D96274-92C4-4372-B790-034BF316B857}.Debug|x64.Build.0 = Debug|x64
		{63D96274-92C4-4372-B790-034BF316B857}.Debug|x86.ActiveCfg = Debug|Win32
		{63D96274-92C4-4372-B790-034BF316B857}.Debug|x86.Build.0 = Debug|Win32
		{63D96274-92C4-4372-B790-034BF316B857}.Release|x64.ActiveCfg = Release|x64
		{63D96274-92C4-4372-B790-034BF316B857}.Release|x64.Build.0 = Release|x64
		{63D96274-92C4-4372-B790-034BF316B857}.Release|x86.ActiveCfg = Release|Win32
		{63D96274-92C4-4372-B790-034BF316B857}.Release|x86.Build.0 = Release|Win32
		{A0300F50-C4CD-4810-98A3-3F422751F645}.Debug|x64.ActiveCfg = Debug|x64
		{A0300F50-C4CD-4810-98A3-3F422751F645}.Debug|x64.Build.0 = Debug|x64
		{A0300F50-C4CD-4810-98A3-3F422751F645}.Debug|x86.ActiveCfg = Debug|Win32
		{A0300F50-C4CD-4810-98A3-3F422751F645}.Debug|x86.Build.0 = Debug|Win32
		{A0300F50-C4CD-4810-98A3-3F422751F645}.Release|x64.ActiveCfg = Release|x64
		{A0300F50-C4CD-4810-98A3-3F422751F645}.Release|x64.Build.0 = Release|x64
		{A0300F50-C4CD-4810-98A3-3F422751F645}.Release|x86.ActiveCfg = Release|Win32
		{A0300F50-C4CD-4810-98A3-3F422751F645}.Release|x86.Build.0 = Release|Win32
		{51211263-C090-470E-9561-429EE7C828A6}.Debug|x64.ActiveCfg = Debug|x64
		{51211263-C090-470E-9561-429EE7C828A6}.Debug|x64.Build.0 = Debug|x64
		{51211263-C090-470E-9561-429EE7C828A6}.Debug|x86.ActiveCfg = Debug|Win32
		{51211263-C090-470E-9561-429EE7C828A6}.Debug|x86.Build.0 = Debug|Win32
		{51211263-C090-470E-9561-429EE7C828A6}.Release|x64.ActiveCfg = Release|x64
		{51211263-C090-470E-9561-429EE7C828A6}.Release|x64.Build.0 = Release|x64
		{51211263-C090-470E-9561-429EE7C828A6}.Release|x86.ActiveCfg = Release|Win32
		{51211263-C090-470E-9561-429EE7C828A6}.Release|x86.Build.0 = Release|Win32
		{2F3DA576-8A5C-4EFF-B9EB-22AA6C3562DD}.Debug|x64.ActiveCfg = Debug|x64
		{2F3DA576-8A5C-4EFF-B9EB-22AA6C3562DD}.Debug|x64.Build.0 = Debug|x64
		{2F3DA576-8A5C-4EFF-B9EB-22AA6C3562DD}.Debug|x86.ActiveCfg = Debug|Win32
		{2F3DA576-8A5C-4EFF-B9EB-22AA6C3562DD}.Debug|x86.Build.0 = Debug|Win32
		{2F3DA576-8A5C-4EFF-B9EB-22AA6C3562DD}.Release|x64.ActiveCfg = Release|x64
		{2F3DA576-8A5C-4EFF-B9EB-22AA6C3562DD}.Release|x64.Build.0 = Release|x64
		{2F3DA576-8A5C-4EFF-B9EB-22AA6C3562DD}.Release|x86.ActiveCfg = Release|Win32
		{2F3DA576-8A5C-4EFF-B9EB-22AA6C3562DD}.Release|x86.Build.0 = Release|Win32
		{84E90C20-27D9-4B54-9C3F-CE324D95BDA5}.Debug|x64.ActiveCfg = Debug|x64
		{84E90C20-27D9-4B54-9C3F-CE324D95BDA5}.Debug|x64.Build.0 = Debug|x64
		{84E90C20-27D9-4B54-9C3F-CE324D95BDA5}.Debug|x86.ActiveCfg = Debug|Win32
		{84E90C20-27D9-4B54-9C3F-CE324D95BDA5}.Debug|x86.Build.0 = Debug|Win32
		{84E90C20-27D9-4B54-9C3F-CE324D95BDA5}.Release|x64.ActiveCfg = Release|x64
		{84E90C20-27D9-4B54-9C3F-CE324D95BDA5}.Release|x64.Build.0 = Release|x64
		{84E90C20-27D9-4B54-9C3F-CE324D95BDA5}.Release|x86.ActiveCfg = Release|Win32
		{84E90C20-27D9-4B54-9C3F-CE324D95BDA5}.Release|x86.Build.0 = Release|Win32
		{9701CFE5-BC73-4815-8EFD-04D41EE87974}.Debug|x64.ActiveCfg = Debug|x64
		{9701CFE5-BC73-4815-8EFD-04D41EE87974}.Debug|x64.Build.0 = Debug|x64
		{9701CFE5-BC73-4815-8EFD-04D41EE87974}.Debug|x86.ActiveCfg = Debug|Win32
		{9701CFE5-BC73-4815-8EFD-04D41EE87974}.Debug|x86.Build.0 = Debug|Win32
		{9701CFE5-BC73-4815-8EFD-04D41EE87974}.Release|x64.ActiveCfg = Release|x64
		{9701CFE5-BC73-4815-8EFD-04D41EE87974}.Release|x64.Build.0 = Release|x64
		{9701CFE5-BC73-4815-8EFD-04D41EE87974}.Release|x86.ActiveCfg = Release|Win32
		{9701CFE5-BC73-4815-8EFD-04D41EE87974}.Release|x86.Build.0 = Release|Win32
		{1A1A9EF4-EC36-46CF-A7F1-CE79DF6A61A7}.Debug|x64.ActiveCfg = Debug|x64
		{1A1A9EF4-EC36-46CF-A7F1-CE79DF6A61A7}.Debug|x64.Build.0 = Debug|x64
		{1A1A9EF4-EC36-46CF-A7F1-CE79DF6A61A7}.Debug|x86.ActiveCfg = Debug|Win32
		{1A1A9EF4-EC36-46CF-A7F1-CE79DF6A61A7}.Debug|x86.Build.0 = Debug|Win32
		{1A1A9EF4-EC36-46CF-A7F1-CE79DF6A61A7}.Release|x64.ActiveCfg = Release|x64
		{1A1A9EF4-EC36-46CF-A7F1-CE79DF6A61A7}.Release|x64.Build.0 = Release|x64
		{1A1A9EF4-EC36-46CF-A7F1-CE79DF6A61A7}.Release|x86.ActiveCfg = Release|Win32
		{1A1A9EF4-EC36-46CF-A7F1-CE79DF6A61A7}.Release|x86.Build.0 = Release|Win32
		{F08F4C13-DEE6-4CEA-9284-B8DBE2D8F513}.Debug|x64.ActiveCfg = Debug|x64
		{F08F4C13-DEE6-4CEA-9284-B8DBE2D8F513}.Debug|x64.Build.0 = Debug|x64
		{F08F4C13-DEE6-4CEA-9284-B8DBE2D8F513}.Debug|x86.ActiveCfg = Debug|Win32
		{F08F4C13-DEE6-4CEA-9284-B8DBE2D8F513}.Debug|x86.Build.0 = Debug|Win32
		{F08F4C13-DEE6-4CEA-9284-B8DBE2D8F513}.Release|x64.ActiveCfg = Release|x64
		{F08F4C13-DEE6-4CEA-9284-B8DBE2D8F513}.Release|x64.Build.0 = Release|x64
		{F08F4C13-DEE6-4CEA-9284-B8DBE2D8F513}.Release|x86.ActiveCfg = Release|Win32
		{F08F4C13-DEE6-4CEA-9284-B8DBE2D8F513}.Release|x86.Build.0 = Release|Win32
		{F998F328-F8E0-433F-8131-82E2B419368A}.Debug|x64.ActiveCfg = Debug|x64
		{F998F328-F8E0-433F-8131-82E2B419368A}.Debug|x64.Build.0 = Debug|x64
		{F998F328-F8E0-433F-8131-82E2B419368A}.Debug|x86.ActiveCfg = Debug|Win32
		{F998F328-F8E0-433F-8131-82E2B419368A}.Debug|x86.Build.0 = Debug|Win32
		{F998F328-F8E0-433F-8131-82E2B419368A}.Release|x64.ActiveCfg = Release|x64
		{F998F328-F8E0-433F-8131-82E2B419368A}.Release|x64.Build.0 = Release|x64
		{F998F328-F8E0-433F-8131-82E2B419368A}.Release|x86.ActiveCfg = Release|Win32
		{F998F328-F8E0-433F-8131-82E2B419368A}.Release|x86.Build.0 = Release|Win32
		{B318EB5E-DD4F-4F50-BB8B-6696358F02C7}.Debug|x64.ActiveCfg = Debug|x64
		{B318EB5E-DD4F-4F50-BB8B-6696358F02C7}.Debug|x64.Build.0 = Debug|x64
		{B318EB5E-DD4F-4F50-BB8B-6696358F02C7}.Debug|x86.ActiveCfg = Debug|Win32
		{B318EB5E-DD4F-4F50-BB8B-6696358F02C7}.Debug|x86.Build.0 = Debug|Win32
		{B318EB5E-DD4F-4F50-BB8B-6696358F02C7}.Release|x64.ActiveCfg = Release|x64
		{B318EB5E-DD4F-4F50-BB8B-6696358F02C7}.Release|x64.Build.0 = Release|x64
		{B318EB5E-DD4F-4F50-BB8B-6696358F02C7}.Release|x86.ActiveCfg = Release|Win32
		{B318EB5E-DD4F-4F50-BB8B-6696358F02C7}.Release|x86.Build.0 = Release|Win32
	EndGlobalSection
	GlobalSection(SolutionProperties) = preSolution
		HideSolutionNode = FALSE
	EndGlobalSection
	GlobalSection(ExtensibilityGlobals) = postSolution
		SolutionGuid = {52D224C0-82FE-4BAF-A0EE-628357B8FFDF}
	EndGlobalSection
EndGlobal
